NeoBundleLock ag.vim 4a0dd6e190f446e5a016b44fdaa2feafc582918e
NeoBundleLock ctrlp-funky 7057e9fabdc1160bea4c30d2e96f97d9abda3c20
NeoBundleLock ctrlp.vim 2e773fd8c7548526853fff6ee2e642eafbbe3d04
NeoBundleLock indentLine 80f4acdfab361407d449a3b3e12130217dd0d2a1
NeoBundleLock lexima.vim 92910d3fa0c141f1a36d5a98c4dfcedc62be02aa
NeoBundleLock lightline.vim 83ae633be323a7fb5baf77e493232cf3358d02bf
NeoBundleLock neobundle.vim 1306c131ff0a6cc094b7ff0727350e442b5427f1
NeoBundleLock neocomplete.vim d3b4d2860ec34648a2d6df4631718a6a7cfa5d40
NeoBundleLock neosnippet 3c155e2a29b1ad131a9e8d20e14389a5061df3a1
NeoBundleLock neosnippet-snippets 0389e5b358b1b26189a17726f5eb22df80c293b6
NeoBundleLock open-browser.vim b900ff9d39bb36891704bd0fe76737ee3a7ac2b9
NeoBundleLock previm 425886c3afbde7b374754f54df7851dc0d71721a
NeoBundleLock syntastic 7274363a7267bf168ec21a50375102d602fd1232
NeoBundleLock syntastic-local-eslint.vim 5d6a68121c0d2e2727122a0f10b6b01f40666c10
NeoBundleLock unite.vim b55994a18b19499f8de19cf7ea48670113a45e4f
NeoBundleLock vim-airline 1471330825a51fef66c5c36051d4ef8deb53c4b8
NeoBundleLock vim-airline-themes 3bfe1d00d48f7c35b7c0dd7af86229c9e63e14a9
NeoBundleLock vim-ctrlp-commandline ac3ea874c0d472b2813292dc8e9f06ce08f9c0ed
NeoBundleLock vim-markdown be5e60fa2d85fec3b585411844846678a775a5d3
