NeoBundleLock ag.vim 4a0dd6e190f446e5a016b44fdaa2feafc582918e
NeoBundleLock ctrlp-funky 7057e9fabdc1160bea4c30d2e96f97d9abda3c20
NeoBundleLock ctrlp.vim 2e773fd8c7548526853fff6ee2e642eafbbe3d04
NeoBundleLock indentLine 47648734706fb2cd0e4d4350f12157d1e5f4c465
NeoBundleLock lexima.vim 01233948e799b823362001be37ef0720071a7e57
NeoBundleLock lightline.vim 80c242c3c5394fd5143b5d7e2741989ba04ae46a
NeoBundleLock neobundle.vim 1306c131ff0a6cc094b7ff0727350e442b5427f1
NeoBundleLock neocomplete.vim 5f3e213c629b7fe1aa3723bf56fe3ead5555a526
NeoBundleLock neosnippet ed80ae8cee732d52eb841d509a95aca9c27ece7a
NeoBundleLock neosnippet-snippets c5bb9211f3050e405ec9e03cf655624c205b9e94
NeoBundleLock open-browser.vim b900ff9d39bb36891704bd0fe76737ee3a7ac2b9
NeoBundleLock previm 0dd5bfc741992422b57c6841e3f6ac1bb03888ef
NeoBundleLock syntastic 11aa21edef1627139d1cb39f5efd568942985dfc
NeoBundleLock syntastic-local-eslint.vim 5d6a68121c0d2e2727122a0f10b6b01f40666c10
NeoBundleLock unite.vim e1d3bb9f836a8645807b790345b69666bf22bb2f
NeoBundleLock vim-airline 2db9b27e39bfd84cb432e001b4a3f41f633b3b7e
NeoBundleLock vim-airline-themes e6f233231b232b6027cde6aebeeb18d9138e5324
NeoBundleLock vim-ctrlp-commandline ac3ea874c0d472b2813292dc8e9f06ce08f9c0ed
NeoBundleLock vim-go ee2071d8e63f9aab98d750a91fcc3358e9987bc9
NeoBundleLock vim-markdown 0e43b4c5b06466cb54540b7452db6c6b22e33539
